
Microsoft Visual Studio Solution File, Format Version 12.00
# Visual Studio Version 17
VisualStudioVersion = 17.1.32210.238
MinimumVisualStudioVersion = 10.0.40219.1
Project("{9A19103F-16F7-4668-BE54-9A1E7A4F7556}") = "CleaningManagement.Api", "CleaningManagement.Api\CleaningManagement.Api.csproj", "{7E14B7CE-599B-4242-B8A8-B921D62E0ED6}"
EndProject
Project("{9A19103F-16F7-4668-BE54-9A1E7A4F7556}") = "CleaningManagement.DAL", "CleaningManagement.DAL\CleaningManagement.DAL.csproj", "{E8FDFB08-74CD-43BC-BCC6-9278E0811EFE}"
EndProject
Project("{9A19103F-16F7-4668-BE54-9A1E7A4F7556}") = "CleaningManagement.Service", "CleaningManagement.Service\CleaningManagement.Service.csproj", "{88C9C8C2-E455-407E-931C-9E55BF1C047C}"
EndProject
Project("{2150E333-8FDC-42A3-9474-1A3956D46DE8}") = "Tests", "Tests", "{7BB8F394-49F3-4705-ADA4-F4292C0C4C59}"
EndProject
Project("{9A19103F-16F7-4668-BE54-9A1E7A4F7556}") = "CleaningManagement.Service.Tests", "CleaningManagement.Service.Tests\CleaningManagement.Service.Tests.csproj", "{025B0ECD-0256-465B-ABA1-ED707B38BBCE}"
EndProject
Project("{FAE04EC0-301F-11D3-BF4B-00C04F79EFBC}") = "CleaningManagement.Api.Tests", "CleaningManagement.Api.Tests\CleaningManagement.Api.Tests.csproj", "{D7F8CAC4-8378-4250-A09C-3A5159786F3C}"
EndProject
Global
	GlobalSection(SolutionConfigurationPlatforms) = preSolution
		Debug|Any CPU = Debug|Any CPU
		Release|Any CPU = Release|Any CPU
	EndGlobalSection
	GlobalSection(ProjectConfigurationPlatforms) = postSolution
		{7E14B7CE-599B-4242-B8A8-B921D62E0ED6}.Debug|Any CPU.ActiveCfg = Debug|Any CPU
		{7E14B7CE-599B-4242-B8A8-B921D62E0ED6}.Debug|Any CPU.Build.0 = Debug|Any CPU
		{7E14B7CE-599B-4242-B8A8-B921D62E0ED6}.Release|Any CPU.ActiveCfg = Release|Any CPU
		{7E14B7CE-599B-4242-B8A8-B921D62E0ED6}.Release|Any CPU.Build.0 = Release|Any CPU
		{E8FDFB08-74CD-43BC-BCC6-9278E0811EFE}.Debug|Any CPU.ActiveCfg = Debug|Any CPU
		{E8FDFB08-74CD-43BC-BCC6-9278E0811EFE}.Debug|Any CPU.Build.0 = Debug|Any CPU
		{E8FDFB08-74CD-43BC-BCC6-9278E0811EFE}.Release|Any CPU.ActiveCfg = Release|Any CPU
		{E8FDFB08-74CD-43BC-BCC6-9278E0811EFE}.Release|Any CPU.Build.0 = Release|Any CPU
		{88C9C8C2-E455-407E-931C-9E55BF1C047C}.Debug|Any CPU.ActiveCfg = Debug|Any CPU
		{88C9C8C2-E455-407E-931C-9E55BF1C047C}.Debug|Any CPU.Build.0 = Debug|Any CPU
		{88C9C8C2-E455-407E-931C-9E55BF1C047C}.Release|Any CPU.ActiveCfg = Release|Any CPU
		{88C9C8C2-E455-407E-931C-9E55BF1C047C}.Release|Any CPU.Build.0 = Release|Any CPU
		{025B0ECD-0256-465B-ABA1-ED707B38BBCE}.Debug|Any CPU.ActiveCfg = Debug|Any CPU
		{025B0ECD-0256-465B-ABA1-ED707B38BBCE}.Debug|Any CPU.Build.0 = Debug|Any CPU
		{025B0ECD-0256-465B-ABA1-ED707B38BBCE}.Release|Any CPU.ActiveCfg = Release|Any CPU
		{025B0ECD-0256-465B-ABA1-ED707B38BBCE}.Release|Any CPU.Build.0 = Release|Any CPU
		{D7F8CAC4-8378-4250-A09C-3A5159786F3C}.Debug|Any CPU.ActiveCfg = Debug|Any CPU
		{D7F8CAC4-8378-4250-A09C-3A5159786F3C}.Debug|Any CPU.Build.0 = Debug|Any CPU
		{D7F8CAC4-8378-4250-A09C-3A5159786F3C}.Release|Any CPU.ActiveCfg = Release|Any CPU
		{D7F8CAC4-8378-4250-A09C-3A5159786F3C}.Release|Any CPU.Build.0 = Release|Any CPU
	EndGlobalSection
	GlobalSection(SolutionProperties) = preSolution
		HideSolutionNode = FALSE
	EndGlobalSection
	GlobalSection(NestedProjects) = preSolution
		{025B0ECD-0256-465B-ABA1-ED707B38BBCE} = {7BB8F394-49F3-4705-ADA4-F4292C0C4C59}
		{D7F8CAC4-8378-4250-A09C-3A5159786F3C} = {7BB8F394-49F3-4705-ADA4-F4292C0C4C59}
	EndGlobalSection
	GlobalSection(ExtensibilityGlobals) = postSolution
		SolutionGuid = {9893B462-66FD-4E8C-99C7-9A637BFC4B2E}
	EndGlobalSection
EndGlobal
